
Microsoft Visual Studio Solution File, Format Version 12.00
# Visual Studio Version 16
VisualStudioVersion = 16.0.29519.161
MinimumVisualStudioVersion = 10.0.40219.1
Project("{FAE04EC0-301F-11D3-BF4B-00C04F79EFBC}") = "AdventOfCode2019", "AdventOfCode2019\AdventOfCode2019.csproj", "{13FCEEBE-4A91-4F15-AA3F-7EEC62CDBA44}"
EndProject
Global
	GlobalSection(SolutionConfigurationPlatforms) = preSolution
		Debug|Any CPU = Debug|Any CPU
		Release|Any CPU = Release|Any CPU
	EndGlobalSection
	GlobalSection(ProjectConfigurationPlatforms) = postSolution
		{13FCEEBE-4A91-4F15-AA3F-7EEC62CDBA44}.Debug|Any CPU.ActiveCfg = Debug|Any CPU
		{13FCEEBE-4A91-4F15-AA3F-7EEC62CDBA44}.Debug|Any CPU.Build.0 = Debug|Any CPU
		{13FCEEBE-4A91-4F15-AA3F-7EEC62CDBA44}.Release|Any CPU.ActiveCfg = Release|Any CPU
		{13FCEEBE-4A91-4F15-AA3F-7EEC62CDBA44}.Release|Any CPU.Build.0 = Release|Any CPU
	EndGlobalSection
	GlobalSection(SolutionProperties) = preSolution
		HideSolutionNode = FALSE
	EndGlobalSection
	GlobalSection(ExtensibilityGlobals) = postSolution
		SolutionGuid = {C8FB6848-4220-4E26-811C-16C1D1A5D139}
	EndGlobalSection
EndGlobal
